// !$*UTF8*$!
{
	archiveVersion = 1;
	classes = {
	};
	objectVersion = 56;
	objects = {

/* Begin PBXBuildFile section */
		11C13E222D527E57007040E3 /* MedConnectApp.swift in Sources */ = {isa = PBXBuildFile; fileRef = 11C13E212D527E57007040E3 /* MedConnectApp.swift */; };
		11C13E242D527E57007040E3 /* ContentView.swift in Sources */ = {isa = PBXBuildFile; fileRef = 11C13E232D527E57007040E3 /* ContentView.swift */; };
		11C13E262D527E59007040E3 /* Assets.xcassets in Resources */ = {isa = PBXBuildFile; fileRef = 11C13E252D527E59007040E3 /* Assets.xcassets */; };
		11C13E292D527E59007040E3 /* Preview Assets.xcassets in Resources */ = {isa = PBXBuildFile; fileRef = 11C13E282D527E59007040E3 /* Preview Assets.xcassets */; };
		11C13E332D527EAC007040E3 /* LoginView.swift in Sources */ = {isa = PBXBuildFile; fileRef = 11C13E322D527EAC007040E3 /* LoginView.swift */; };
		11C13E352D5280E7007040E3 /* LoginViewModel.swift in Sources */ = {isa = PBXBuildFile; fileRef = 11C13E342D5280E7007040E3 /* LoginViewModel.swift */; };
		11C13E372D5282A7007040E3 /* HomeView.swift in Sources */ = {isa = PBXBuildFile; fileRef = 11C13E362D5282A7007040E3 /* HomeView.swift */; };
		11C13E392D52836B007040E3 /* HomeViewModel.swift in Sources */ = {isa = PBXBuildFile; fileRef = 11C13E382D52836B007040E3 /* HomeViewModel.swift */; };
		11C13E3B2D528433007040E3 /* Patient.swift in Sources */ = {isa = PBXBuildFile; fileRef = 11C13E3A2D528433007040E3 /* Patient.swift */; };
		11C13E3D2D52868B007040E3 /* PatientScrollCardView.swift in Sources */ = {isa = PBXBuildFile; fileRef = 11C13E3C2D52868B007040E3 /* PatientScrollCardView.swift */; };
		11C13E3F2D528D8D007040E3 /* PatientCardView.swift in Sources */ = {isa = PBXBuildFile; fileRef = 11C13E3E2D528D8D007040E3 /* PatientCardView.swift */; };
		11C13E412D529EE4007040E3 /* SideMenuView.swift in Sources */ = {isa = PBXBuildFile; fileRef = 11C13E402D529EE4007040E3 /* SideMenuView.swift */; };
		11C13E432D52A93C007040E3 /* SideMenuHeaderView.swift in Sources */ = {isa = PBXBuildFile; fileRef = 11C13E422D52A93C007040E3 /* SideMenuHeaderView.swift */; };
/* End PBXBuildFile section */

/* Begin PBXFileReference section */
		11C13E1E2D527E57007040E3 /* MedConnect.app */ = {isa = PBXFileReference; explicitFileType = wrapper.application; includeInIndex = 0; path = MedConnect.app; sourceTree = BUILT_PRODUCTS_DIR; };
		11C13E212D527E57007040E3 /* MedConnectApp.swift */ = {isa = PBXFileReference; lastKnownFileType = sourcecode.swift; path = MedConnectApp.swift; sourceTree = "<group>"; };
		11C13E232D527E57007040E3 /* ContentView.swift */ = {isa = PBXFileReference; lastKnownFileType = sourcecode.swift; path = ContentView.swift; sourceTree = "<group>"; };
		11C13E252D527E59007040E3 /* Assets.xcassets */ = {isa = PBXFileReference; lastKnownFileType = folder.assetcatalog; path = Assets.xcassets; sourceTree = "<group>"; };
		11C13E282D527E59007040E3 /* Preview Assets.xcassets */ = {isa = PBXFileReference; lastKnownFileType = folder.assetcatalog; path = "Preview Assets.xcassets"; sourceTree = "<group>"; };
		11C13E322D527EAC007040E3 /* LoginView.swift */ = {isa = PBXFileReference; lastKnownFileType = sourcecode.swift; path = LoginView.swift; sourceTree = "<group>"; };
		11C13E342D5280E7007040E3 /* LoginViewModel.swift */ = {isa = PBXFileReference; lastKnownFileType = sourcecode.swift; path = LoginViewModel.swift; sourceTree = "<group>"; };
		11C13E362D5282A7007040E3 /* HomeView.swift */ = {isa = PBXFileReference; lastKnownFileType = sourcecode.swift; path = HomeView.swift; sourceTree = "<group>"; };
		11C13E382D52836B007040E3 /* HomeViewModel.swift */ = {isa = PBXFileReference; lastKnownFileType = sourcecode.swift; path = HomeViewModel.swift; sourceTree = "<group>"; };
		11C13E3A2D528433007040E3 /* Patient.swift */ = {isa = PBXFileReference; lastKnownFileType = sourcecode.swift; path = Patient.swift; sourceTree = "<group>"; };
		11C13E3C2D52868B007040E3 /* PatientScrollCardView.swift */ = {isa = PBXFileReference; lastKnownFileType = sourcecode.swift; path = PatientScrollCardView.swift; sourceTree = "<group>"; };
		11C13E3E2D528D8D007040E3 /* PatientCardView.swift */ = {isa = PBXFileReference; lastKnownFileType = sourcecode.swift; path = PatientCardView.swift; sourceTree = "<group>"; };
		11C13E402D529EE4007040E3 /* SideMenuView.swift */ = {isa = PBXFileReference; lastKnownFileType = sourcecode.swift; path = SideMenuView.swift; sourceTree = "<group>"; };
		11C13E422D52A93C007040E3 /* SideMenuHeaderView.swift */ = {isa = PBXFileReference; lastKnownFileType = sourcecode.swift; path = SideMenuHeaderView.swift; sourceTree = "<group>"; };
/* End PBXFileReference section */

/* Begin PBXFrameworksBuildPhase section */
		11C13E1B2D527E57007040E3 /* Frameworks */ = {
			isa = PBXFrameworksBuildPhase;
			buildActionMask = 2147483647;
			files = (
			);
			runOnlyForDeploymentPostprocessing = 0;
		};
/* End PBXFrameworksBuildPhase section */

/* Begin PBXGroup section */
		11C13E152D527E57007040E3 = {
			isa = PBXGroup;
			children = (
				11C13E202D527E57007040E3 /* MedConnect */,
				11C13E1F2D527E57007040E3 /* Products */,
			);
			sourceTree = "<group>";
		};
		11C13E1F2D527E57007040E3 /* Products */ = {
			isa = PBXGroup;
			children = (
				11C13E1E2D527E57007040E3 /* MedConnect.app */,
			);
			name = Products;
			sourceTree = "<group>";
		};
		11C13E202D527E57007040E3 /* MedConnect */ = {
			isa = PBXGroup;
			children = (
				11C13E312D527E92007040E3 /* ViewModel */,
				11C13E302D527E8C007040E3 /* View */,
				11C13E2F2D527E7F007040E3 /* Model */,
				11C13E212D527E57007040E3 /* MedConnectApp.swift */,
				11C13E232D527E57007040E3 /* ContentView.swift */,
				11C13E252D527E59007040E3 /* Assets.xcassets */,
				11C13E272D527E59007040E3 /* Preview Content */,
			);
			path = MedConnect;
			sourceTree = "<group>";
		};
		11C13E272D527E59007040E3 /* Preview Content */ = {
			isa = PBXGroup;
			children = (
				11C13E282D527E59007040E3 /* Preview Assets.xcassets */,
			);
			path = "Preview Content";
			sourceTree = "<group>";
		};
		11C13E2F2D527E7F007040E3 /* Model */ = {
			isa = PBXGroup;
			children = (
				11C13E3A2D528433007040E3 /* Patient.swift */,
			);
			path = Model;
			sourceTree = "<group>";
		};
		11C13E302D527E8C007040E3 /* View */ = {
			isa = PBXGroup;
			children = (
				11C13E322D527EAC007040E3 /* LoginView.swift */,
				11C13E362D5282A7007040E3 /* HomeView.swift */,
				11C13E3C2D52868B007040E3 /* PatientScrollCardView.swift */,
				11C13E3E2D528D8D007040E3 /* PatientCardView.swift */,
				11C13E422D52A93C007040E3 /* SideMenuHeaderView.swift */,
				11C13E402D529EE4007040E3 /* SideMenuView.swift */,
			);
			path = View;
			sourceTree = "<group>";
		};
		11C13E312D527E92007040E3 /* ViewModel */ = {
			isa = PBXGroup;
			children = (
				11C13E342D5280E7007040E3 /* LoginViewModel.swift */,
				11C13E382D52836B007040E3 /* HomeViewModel.swift */,
			);
			path = ViewModel;
			sourceTree = "<group>";
		};
/* End PBXGroup section */

/* Begin PBXNativeTarget section */
		11C13E1D2D527E57007040E3 /* MedConnect */ = {
			isa = PBXNativeTarget;
			buildConfigurationList = 11C13E2C2D527E59007040E3 /* Build configuration list for PBXNativeTarget "MedConnect" */;
			buildPhases = (
				11C13E1A2D527E57007040E3 /* Sources */,
				11C13E1B2D527E57007040E3 /* Frameworks */,
				11C13E1C2D527E57007040E3 /* Resources */,
			);
			buildRules = (
			);
			dependencies = (
			);
			name = MedConnect;
			productName = MedConnect;
			productReference = 11C13E1E2D527E57007040E3 /* MedConnect.app */;
			productType = "com.apple.product-type.application";
		};
/* End PBXNativeTarget section */

/* Begin PBXProject section */
		11C13E162D527E57007040E3 /* Project object */ = {
			isa = PBXProject;
			attributes = {
				BuildIndependentTargetsInParallel = 1;
				LastSwiftUpdateCheck = 1520;
				LastUpgradeCheck = 1520;
				TargetAttributes = {
					11C13E1D2D527E57007040E3 = {
						CreatedOnToolsVersion = 15.2;
					};
				};
			};
			buildConfigurationList = 11C13E192D527E57007040E3 /* Build configuration list for PBXProject "MedConnect" */;
			compatibilityVersion = "Xcode 14.0";
			developmentRegion = en;
			hasScannedForEncodings = 0;
			knownRegions = (
				en,
				Base,
			);
			mainGroup = 11C13E152D527E57007040E3;
			productRefGroup = 11C13E1F2D527E57007040E3 /* Products */;
			projectDirPath = "";
			projectRoot = "";
			targets = (
				11C13E1D2D527E57007040E3 /* MedConnect */,
			);
		};
/* End PBXProject section */

/* Begin PBXResourcesBuildPhase section */
		11C13E1C2D527E57007040E3 /* Resources */ = {
			isa = PBXResourcesBuildPhase;
			buildActionMask = 2147483647;
			files = (
				11C13E292D527E59007040E3 /* Preview Assets.xcassets in Resources */,
				11C13E262D527E59007040E3 /* Assets.xcassets in Resources */,
			);
			runOnlyForDeploymentPostprocessing = 0;
		};
/* End PBXResourcesBuildPhase section */

/* Begin PBXSourcesBuildPhase section */
		11C13E1A2D527E57007040E3 /* Sources */ = {
			isa = PBXSourcesBuildPhase;
			buildActionMask = 2147483647;
			files = (
				11C13E352D5280E7007040E3 /* LoginViewModel.swift in Sources */,
				11C13E392D52836B007040E3 /* HomeViewModel.swift in Sources */,
				11C13E412D529EE4007040E3 /* SideMenuView.swift in Sources */,
				11C13E3D2D52868B007040E3 /* PatientScrollCardView.swift in Sources */,
				11C13E332D527EAC007040E3 /* LoginView.swift in Sources */,
				11C13E432D52A93C007040E3 /* SideMenuHeaderView.swift in Sources */,
				11C13E242D527E57007040E3 /* ContentView.swift in Sources */,
				11C13E3F2D528D8D007040E3 /* PatientCardView.swift in Sources */,
				11C13E3B2D528433007040E3 /* Patient.swift in Sources */,
				11C13E372D5282A7007040E3 /* HomeView.swift in Sources */,
				11C13E222D527E57007040E3 /* MedConnectApp.swift in Sources */,
			);
			runOnlyForDeploymentPostprocessing = 0;
		};
/* End PBXSourcesBuildPhase section */

/* Begin XCBuildConfiguration section */
		11C13E2A2D527E59007040E3 /* Debug */ = {
			isa = XCBuildConfiguration;
			buildSettings = {
				ALWAYS_SEARCH_USER_PATHS = NO;
				ASSETCATALOG_COMPILER_GENERATE_SWIFT_ASSET_SYMBOL_EXTENSIONS = YES;
				CLANG_ANALYZER_NONNULL = YES;
				CLANG_ANALYZER_NUMBER_OBJECT_CONVERSION = YES_AGGRESSIVE;
				CLANG_CXX_LANGUAGE_STANDARD = "gnu++20";
				CLANG_ENABLE_MODULES = YES;
				CLANG_ENABLE_OBJC_ARC = YES;
				CLANG_ENABLE_OBJC_WEAK = YES;
				CLANG_WARN_BLOCK_CAPTURE_AUTORELEASING = YES;
				CLANG_WARN_BOOL_CONVERSION = YES;
				CLANG_WARN_COMMA = YES;
				CLANG_WARN_CONSTANT_CONVERSION = YES;
				CLANG_WARN_DEPRECATED_OBJC_IMPLEMENTATIONS = YES;
				CLANG_WARN_DIRECT_OBJC_ISA_USAGE = YES_ERROR;
				CLANG_WARN_DOCUMENTATION_COMMENTS = YES;
				CLANG_WARN_EMPTY_BODY = YES;
				CLANG_WARN_ENUM_CONVERSION = YES;
				CLANG_WARN_INFINITE_RECURSION = YES;
				CLANG_WARN_INT_CONVERSION = YES;
				CLANG_WARN_NON_LITERAL_NULL_CONVERSION = YES;
				CLANG_WARN_OBJC_IMPLICIT_RETAIN_SELF = YES;
				CLANG_WARN_OBJC_LITERAL_CONVERSION = YES;
				CLANG_WARN_OBJC_ROOT_CLASS = YES_ERROR;
				CLANG_WARN_QUOTED_INCLUDE_IN_FRAMEWORK_HEADER = YES;
				CLANG_WARN_RANGE_LOOP_ANALYSIS = YES;
				CLANG_WARN_STRICT_PROTOTYPES = YES;
				CLANG_WARN_SUSPICIOUS_MOVE = YES;
				CLANG_WARN_UNGUARDED_AVAILABILITY = YES_AGGRESSIVE;
				CLANG_WARN_UNREACHABLE_CODE = YES;
				CLANG_WARN__DUPLICATE_METHOD_MATCH = YES;
				COPY_PHASE_STRIP = NO;
				DEBUG_INFORMATION_FORMAT = dwarf;
				ENABLE_STRICT_OBJC_MSGSEND = YES;
				ENABLE_TESTABILITY = YES;
				ENABLE_USER_SCRIPT_SANDBOXING = YES;
				GCC_C_LANGUAGE_STANDARD = gnu17;
				GCC_DYNAMIC_NO_PIC = NO;
				GCC_NO_COMMON_BLOCKS = YES;
				GCC_OPTIMIZATION_LEVEL = 0;
				GCC_PREPROCESSOR_DEFINITIONS = (
					"DEBUG=1",
					"$(inherited)",
				);
				GCC_WARN_64_TO_32_BIT_CONVERSION = YES;
				GCC_WARN_ABOUT_RETURN_TYPE = YES_ERROR;
				GCC_WARN_UNDECLARED_SELECTOR = YES;
				GCC_WARN_UNINITIALIZED_AUTOS = YES_AGGRESSIVE;
				GCC_WARN_UNUSED_FUNCTION = YES;
				GCC_WARN_UNUSED_VARIABLE = YES;
				IPHONEOS_DEPLOYMENT_TARGET = 17.2;
				LOCALIZATION_PREFERS_STRING_CATALOGS = YES;
				MTL_ENABLE_DEBUG_INFO = INCLUDE_SOURCE;
				MTL_FAST_MATH = YES;
				ONLY_ACTIVE_ARCH = YES;
				SDKROOT = iphoneos;
				SWIFT_ACTIVE_COMPILATION_CONDITIONS = "DEBUG $(inherited)";
				SWIFT_OPTIMIZATION_LEVEL = "-Onone";
			};
			name = Debug;
		};
		11C13E2B2D527E59007040E3 /* Release */ = {
			isa = XCBuildConfiguration;
			buildSettings = {
				ALWAYS_SEARCH_USER_PATHS = NO;
				ASSETCATALOG_COMPILER_GENERATE_SWIFT_ASSET_SYMBOL_EXTENSIONS = YES;
				CLANG_ANALYZER_NONNULL = YES;
				CLANG_ANALYZER_NUMBER_OBJECT_CONVERSION = YES_AGGRESSIVE;
				CLANG_CXX_LANGUAGE_STANDARD = "gnu++20";
				CLANG_ENABLE_MODULES = YES;
				CLANG_ENABLE_OBJC_ARC = YES;
				CLANG_ENABLE_OBJC_WEAK = YES;
				CLANG_WARN_BLOCK_CAPTURE_AUTORELEASING = YES;
				CLANG_WARN_BOOL_CONVERSION = YES;
				CLANG_WARN_COMMA = YES;
				CLANG_WARN_CONSTANT_CONVERSION = YES;
				CLANG_WARN_DEPRECATED_OBJC_IMPLEMENTATIONS = YES;
				CLANG_WARN_DIRECT_OBJC_ISA_USAGE = YES_ERROR;
				CLANG_WARN_DOCUMENTATION_COMMENTS = YES;
				CLANG_WARN_EMPTY_BODY = YES;
				CLANG_WARN_ENUM_CONVERSION = YES;
				CLANG_WARN_INFINITE_RECURSION = YES;
				CLANG_WARN_INT_CONVERSION = YES;
				CLANG_WARN_NON_LITERAL_NULL_CONVERSION = YES;
				CLANG_WARN_OBJC_IMPLICIT_RETAIN_SELF = YES;
				CLANG_WARN_OBJC_LITERAL_CONVERSION = YES;
				CLANG_WARN_OBJC_ROOT_CLASS = YES_ERROR;
				CLANG_WARN_QUOTED_INCLUDE_IN_FRAMEWORK_HEADER = YES;
				CLANG_WARN_RANGE_LOOP_ANALYSIS = YES;
				CLANG_WARN_STRICT_PROTOTYPES = YES;
				CLANG_WARN_SUSPICIOUS_MOVE = YES;
				CLANG_WARN_UNGUARDED_AVAILABILITY = YES_AGGRESSIVE;
				CLANG_WARN_UNREACHABLE_CODE = YES;
				CLANG_WARN__DUPLICATE_METHOD_MATCH = YES;
				COPY_PHASE_STRIP = NO;
				DEBUG_INFORMATION_FORMAT = "dwarf-with-dsym";
				ENABLE_NS_ASSERTIONS = NO;
				ENABLE_STRICT_OBJC_MSGSEND = YES;
				ENABLE_USER_SCRIPT_SANDBOXING = YES;
				GCC_C_LANGUAGE_STANDARD = gnu17;
				GCC_NO_COMMON_BLOCKS = YES;
				GCC_WARN_64_TO_32_BIT_CONVERSION = YES;
				GCC_WARN_ABOUT_RETURN_TYPE = YES_ERROR;
				GCC_WARN_UNDECLARED_SELECTOR = YES;
				GCC_WARN_UNINITIALIZED_AUTOS = YES_AGGRESSIVE;
				GCC_WARN_UNUSED_FUNCTION = YES;
				GCC_WARN_UNUSED_VARIABLE = YES;
				IPHONEOS_DEPLOYMENT_TARGET = 17.2;
				LOCALIZATION_PREFERS_STRING_CATALOGS = YES;
				MTL_ENABLE_DEBUG_INFO = NO;
				MTL_FAST_MATH = YES;
				SDKROOT = iphoneos;
				SWIFT_COMPILATION_MODE = wholemodule;
				VALIDATE_PRODUCT = YES;
			};
			name = Release;
		};
		11C13E2D2D527E59007040E3 /* Debug */ = {
			isa = XCBuildConfiguration;
			buildSettings = {
				ASSETCATALOG_COMPILER_APPICON_NAME = AppIcon;
				ASSETCATALOG_COMPILER_GLOBAL_ACCENT_COLOR_NAME = AccentColor;
				CODE_SIGN_STYLE = Automatic;
				CURRENT_PROJECT_VERSION = 1;
				DEVELOPMENT_ASSET_PATHS = "\"MedConnect/Preview Content\"";
				DEVELOPMENT_TEAM = 5K8CHVUD24;
				ENABLE_PREVIEWS = YES;
				GENERATE_INFOPLIST_FILE = YES;
				INFOPLIST_KEY_UIApplicationSceneManifest_Generation = YES;
				INFOPLIST_KEY_UIApplicationSupportsIndirectInputEvents = YES;
				INFOPLIST_KEY_UILaunchScreen_Generation = YES;
				INFOPLIST_KEY_UISupportedInterfaceOrientations_iPad = "UIInterfaceOrientationPortrait UIInterfaceOrientationPortraitUpsideDown UIInterfaceOrientationLandscapeLeft UIInterfaceOrientationLandscapeRight";
				INFOPLIST_KEY_UISupportedInterfaceOrientations_iPhone = "UIInterfaceOrientationPortrait UIInterfaceOrientationLandscapeLeft UIInterfaceOrientationLandscapeRight";
				IPHONEOS_DEPLOYMENT_TARGET = 16.0;
				LD_RUNPATH_SEARCH_PATHS = (
					"$(inherited)",
					"@executable_path/Frameworks",
				);
				MARKETING_VERSION = 1.0;
				PRODUCT_BUNDLE_IDENTIFIER = realINL.MedConnect;
				PRODUCT_NAME = "$(TARGET_NAME)";
				SWIFT_EMIT_LOC_STRINGS = YES;
				SWIFT_VERSION = 5.0;
				TARGETED_DEVICE_FAMILY = "1,2";
			};
			name = Debug;
		};
		11C13E2E2D527E59007040E3 /* Release */ = {
			isa = XCBuildConfiguration;
			buildSettings = {
				ASSETCATALOG_COMPILER_APPICON_NAME = AppIcon;
				ASSETCATALOG_COMPILER_GLOBAL_ACCENT_COLOR_NAME = AccentColor;
				CODE_SIGN_STYLE = Automatic;
				CURRENT_PROJECT_VERSION = 1;
				DEVELOPMENT_ASSET_PATHS = "\"MedConnect/Preview Content\"";
				DEVELOPMENT_TEAM = 5K8CHVUD24;
				ENABLE_PREVIEWS = YES;
				GENERATE_INFOPLIST_FILE = YES;
				INFOPLIST_KEY_UIApplicationSceneManifest_Generation = YES;
				INFOPLIST_KEY_UIApplicationSupportsIndirectInputEvents = YES;
				INFOPLIST_KEY_UILaunchScreen_Generation = YES;
				INFOPLIST_KEY_UISupportedInterfaceOrientations_iPad = "UIInterfaceOrientationPortrait UIInterfaceOrientationPortraitUpsideDown UIInterfaceOrientationLandscapeLeft UIInterfaceOrientationLandscapeRight";
				INFOPLIST_KEY_UISupportedInterfaceOrientations_iPhone = "UIInterfaceOrientationPortrait UIInterfaceOrientationLandscapeLeft UIInterfaceOrientationLandscapeRight";
				IPHONEOS_DEPLOYMENT_TARGET = 16.0;
				LD_RUNPATH_SEARCH_PATHS = (
					"$(inherited)",
					"@executable_path/Frameworks",
				);
				MARKETING_VERSION = 1.0;
				PRODUCT_BUNDLE_IDENTIFIER = realINL.MedConnect;
				PRODUCT_NAME = "$(TARGET_NAME)";
				SWIFT_EMIT_LOC_STRINGS = YES;
				SWIFT_VERSION = 5.0;
				TARGETED_DEVICE_FAMILY = "1,2";
			};
			name = Release;
		};
/* End XCBuildConfiguration section */

/* Begin XCConfigurationList section */
		11C13E192D527E57007040E3 /* Build configuration list for PBXProject "MedConnect" */ = {
			isa = XCConfigurationList;
			buildConfigurations = (
				11C13E2A2D527E59007040E3 /* Debug */,
				11C13E2B2D527E59007040E3 /* Release */,
			);
			defaultConfigurationIsVisible = 0;
			defaultConfigurationName = Release;
		};
		11C13E2C2D527E59007040E3 /* Build configuration list for PBXNativeTarget "MedConnect" */ = {
			isa = XCConfigurationList;
			buildConfigurations = (
				11C13E2D2D527E59007040E3 /* Debug */,
				11C13E2E2D527E59007040E3 /* Release */,
			);
			defaultConfigurationIsVisible = 0;
			defaultConfigurationName = Release;
		};
/* End XCConfigurationList section */
	};
	rootObject = 11C13E162D527E57007040E3 /* Project object */;
}
