// !$*UTF8*$!
{
	archiveVersion = 1;
	classes = {
	};
	objectVersion = 56;
	objects = {

/* Begin PBXBuildFile section */
		1192962E2DB194D700E2ED21 /* Localizable.strings in Resources */ = {isa = PBXBuildFile; fileRef = 119296302DB194D700E2ED21 /* Localizable.strings */; };
		119296332DB1954800E2ED21 /* Localizable.strings in Resources */ = {isa = PBXBuildFile; fileRef = 119296352DB1954800E2ED21 /* Localizable.strings */; };
		119296392DB286C500E2ED21 /*  CardiacConditions.swift in Sources */ = {isa = PBXBuildFile; fileRef = 119296382DB286C500E2ED21 /*  CardiacConditions.swift */; };
		1192963C2DB2DBDD00E2ED21 /* IschemicHeartDisease.swift in Sources */ = {isa = PBXBuildFile; fileRef = 1192963B2DB2DBDD00E2ED21 /* IschemicHeartDisease.swift */; };
		1192963E2DB2DC9E00E2ED21 /* Hypertension.swift in Sources */ = {isa = PBXBuildFile; fileRef = 1192963D2DB2DC9E00E2ED21 /* Hypertension.swift */; };
		119296402DB2DD0200E2ED21 /* ConductionDisorders.swift in Sources */ = {isa = PBXBuildFile; fileRef = 1192963F2DB2DD0200E2ED21 /* ConductionDisorders.swift */; };
		119296422DB2DDA100E2ED21 /* PeripheralAtherosclerosis.swift in Sources */ = {isa = PBXBuildFile; fileRef = 119296412DB2DDA100E2ED21 /* PeripheralAtherosclerosis.swift */; };
		119296442DB2DDDF00E2ED21 /* AorticAneurysm.swift in Sources */ = {isa = PBXBuildFile; fileRef = 119296432DB2DDDF00E2ED21 /* AorticAneurysm.swift */; };
		119296462DB2DE1900E2ED21 /* HeartFailure.swift in Sources */ = {isa = PBXBuildFile; fileRef = 119296452DB2DE1900E2ED21 /* HeartFailure.swift */; };
		119296482DB2DE5600E2ED21 /* ValveDefects.swift in Sources */ = {isa = PBXBuildFile; fileRef = 119296472DB2DE5600E2ED21 /* ValveDefects.swift */; };
		1192964A2DB2E2B800E2ED21 /* ConcomitantDisease.swift in Sources */ = {isa = PBXBuildFile; fileRef = 119296492DB2E2B800E2ED21 /* ConcomitantDisease.swift */; };
		1192964D2DB2E38900E2ED21 /* PulmonaryDiseasesEnum.swift in Sources */ = {isa = PBXBuildFile; fileRef = 1192964C2DB2E38900E2ED21 /* PulmonaryDiseasesEnum.swift */; };
		1192964F2DB2E77800E2ED21 /* EndocrineDiseases.swift in Sources */ = {isa = PBXBuildFile; fileRef = 1192964E2DB2E77800E2ED21 /* EndocrineDiseases.swift */; };
		119296512DB2E81B00E2ED21 /* Diabetes.swift in Sources */ = {isa = PBXBuildFile; fileRef = 119296502DB2E81B00E2ED21 /* Diabetes.swift */; };
		11C13E222D527E57007040E3 /* MedConnectApp.swift in Sources */ = {isa = PBXBuildFile; fileRef = 11C13E212D527E57007040E3 /* MedConnectApp.swift */; };
		11C13E242D527E57007040E3 /* ContentView.swift in Sources */ = {isa = PBXBuildFile; fileRef = 11C13E232D527E57007040E3 /* ContentView.swift */; };
		11C13E262D527E59007040E3 /* Assets.xcassets in Resources */ = {isa = PBXBuildFile; fileRef = 11C13E252D527E59007040E3 /* Assets.xcassets */; };
		11C13E292D527E59007040E3 /* Preview Assets.xcassets in Resources */ = {isa = PBXBuildFile; fileRef = 11C13E282D527E59007040E3 /* Preview Assets.xcassets */; };
		11C13E332D527EAC007040E3 /* LoginView.swift in Sources */ = {isa = PBXBuildFile; fileRef = 11C13E322D527EAC007040E3 /* LoginView.swift */; };
		11C13E352D5280E7007040E3 /* LoginViewModel.swift in Sources */ = {isa = PBXBuildFile; fileRef = 11C13E342D5280E7007040E3 /* LoginViewModel.swift */; };
		11C13E372D5282A7007040E3 /* HomeView.swift in Sources */ = {isa = PBXBuildFile; fileRef = 11C13E362D5282A7007040E3 /* HomeView.swift */; };
		11C13E392D52836B007040E3 /* HomeViewModel.swift in Sources */ = {isa = PBXBuildFile; fileRef = 11C13E382D52836B007040E3 /* HomeViewModel.swift */; };
		11C13E3B2D528433007040E3 /* Patient.swift in Sources */ = {isa = PBXBuildFile; fileRef = 11C13E3A2D528433007040E3 /* Patient.swift */; };
		11C13E3D2D52868B007040E3 /* PatientScrollCardView.swift in Sources */ = {isa = PBXBuildFile; fileRef = 11C13E3C2D52868B007040E3 /* PatientScrollCardView.swift */; };
		11C13E3F2D528D8D007040E3 /* PatientCardView.swift in Sources */ = {isa = PBXBuildFile; fileRef = 11C13E3E2D528D8D007040E3 /* PatientCardView.swift */; };
		11C13E412D529EE4007040E3 /* SideMenuView.swift in Sources */ = {isa = PBXBuildFile; fileRef = 11C13E402D529EE4007040E3 /* SideMenuView.swift */; };
		11C13E432D52A93C007040E3 /* SideMenuHeaderView.swift in Sources */ = {isa = PBXBuildFile; fileRef = 11C13E422D52A93C007040E3 /* SideMenuHeaderView.swift */; };
		857993442DAFD6A800AE07F3 /* PatienHeaderInfo.swift in Sources */ = {isa = PBXBuildFile; fileRef = 857993432DAFD6A800AE07F3 /* PatienHeaderInfo.swift */; };
		857993462DAFD6DD00AE07F3 /* PatientCaprini.swift in Sources */ = {isa = PBXBuildFile; fileRef = 857993452DAFD6DD00AE07F3 /* PatientCaprini.swift */; };
		857993482DAFD6EC00AE07F3 /* PatientCharlson.swift in Sources */ = {isa = PBXBuildFile; fileRef = 857993472DAFD6EC00AE07F3 /* PatientCharlson.swift */; };
		8579934A2DAFD70800AE07F3 /* PatientDisease.swift in Sources */ = {isa = PBXBuildFile; fileRef = 857993492DAFD70800AE07F3 /* PatientDisease.swift */; };
		8579934C2DAFD71000AE07F3 /* PatientHW.swift in Sources */ = {isa = PBXBuildFile; fileRef = 8579934B2DAFD71000AE07F3 /* PatientHW.swift */; };
		8579934E2DAFD71900AE07F3 /* PatientMetric.swift in Sources */ = {isa = PBXBuildFile; fileRef = 8579934D2DAFD71900AE07F3 /* PatientMetric.swift */; };
		857993502DAFD72600AE07F3 /* PatientMetrics.swift in Sources */ = {isa = PBXBuildFile; fileRef = 8579934F2DAFD72600AE07F3 /* PatientMetrics.swift */; };
		85E76EC72DB3E2B9004F37CA /* Localizable.stringsdict in Resources */ = {isa = PBXBuildFile; fileRef = 85E76EC52DB3E2B9004F37CA /* Localizable.stringsdict */; };
		85E76ECA2DB3E7A0004F37CA /* Int+Extension.swift in Sources */ = {isa = PBXBuildFile; fileRef = 85E76EC92DB3E7A0004F37CA /* Int+Extension.swift */; };
		85E76ECC2DB3EB70004F37CA /* String+Extension.swift in Sources */ = {isa = PBXBuildFile; fileRef = 85E76ECB2DB3EB70004F37CA /* String+Extension.swift */; };
		85E76ECE2DB40838004F37CA /* Double+Extension.swift in Sources */ = {isa = PBXBuildFile; fileRef = 85E76ECD2DB40838004F37CA /* Double+Extension.swift */; };
		85E76ED02DB40B5C004F37CA /* PatientMetrics2.swift in Sources */ = {isa = PBXBuildFile; fileRef = 85E76ECF2DB40B5C004F37CA /* PatientMetrics2.swift */; };
		85E76ED22DB43662004F37CA /* PatientCT.swift in Sources */ = {isa = PBXBuildFile; fileRef = 85E76ED12DB43662004F37CA /* PatientCT.swift */; };
		85E76ED42DB4E5A8004F37CA /* PatientRT.swift in Sources */ = {isa = PBXBuildFile; fileRef = 85E76ED32DB4E5A8004F37CA /* PatientRT.swift */; };
		85E76ED62DB4E7EC004F37CA /* ConcomitantDiseaseView.swift in Sources */ = {isa = PBXBuildFile; fileRef = 85E76ED52DB4E7EC004F37CA /* ConcomitantDiseaseView.swift */; };
		85E76ED82DB4EAD2004F37CA /* LabeledValueRow.swift in Sources */ = {isa = PBXBuildFile; fileRef = 85E76ED72DB4EAD2004F37CA /* LabeledValueRow.swift */; };
		85E76EDC2DB54993004F37CA /* PatientDetailsCardTitle.swift in Sources */ = {isa = PBXBuildFile; fileRef = 85E76EDB2DB54993004F37CA /* PatientDetailsCardTitle.swift */; };
		85E76EDE2DB5761C004F37CA /* YesNo.swift in Sources */ = {isa = PBXBuildFile; fileRef = 85E76EDD2DB5761C004F37CA /* YesNo.swift */; };
/* End PBXBuildFile section */

/* Begin PBXFileReference section */
		1192962F2DB194D700E2ED21 /* ru */ = {isa = PBXFileReference; lastKnownFileType = text.plist.strings; name = ru; path = ru.lproj/Localizable.strings; sourceTree = "<group>"; };
		119296342DB1954800E2ED21 /* en */ = {isa = PBXFileReference; lastKnownFileType = text.plist.strings; name = en; path = en.lproj/Localizable.strings; sourceTree = "<group>"; };
		119296382DB286C500E2ED21 /*  CardiacConditions.swift */ = {isa = PBXFileReference; lastKnownFileType = sourcecode.swift; path = " CardiacConditions.swift"; sourceTree = "<group>"; };
		1192963B2DB2DBDD00E2ED21 /* IschemicHeartDisease.swift */ = {isa = PBXFileReference; lastKnownFileType = sourcecode.swift; path = IschemicHeartDisease.swift; sourceTree = "<group>"; };
		1192963D2DB2DC9E00E2ED21 /* Hypertension.swift */ = {isa = PBXFileReference; lastKnownFileType = sourcecode.swift; path = Hypertension.swift; sourceTree = "<group>"; };
		1192963F2DB2DD0200E2ED21 /* ConductionDisorders.swift */ = {isa = PBXFileReference; lastKnownFileType = sourcecode.swift; path = ConductionDisorders.swift; sourceTree = "<group>"; };
		119296412DB2DDA100E2ED21 /* PeripheralAtherosclerosis.swift */ = {isa = PBXFileReference; lastKnownFileType = sourcecode.swift; path = PeripheralAtherosclerosis.swift; sourceTree = "<group>"; };
		119296432DB2DDDF00E2ED21 /* AorticAneurysm.swift */ = {isa = PBXFileReference; lastKnownFileType = sourcecode.swift; path = AorticAneurysm.swift; sourceTree = "<group>"; };
		119296452DB2DE1900E2ED21 /* HeartFailure.swift */ = {isa = PBXFileReference; lastKnownFileType = sourcecode.swift; path = HeartFailure.swift; sourceTree = "<group>"; };
		119296472DB2DE5600E2ED21 /* ValveDefects.swift */ = {isa = PBXFileReference; lastKnownFileType = sourcecode.swift; path = ValveDefects.swift; sourceTree = "<group>"; };
		119296492DB2E2B800E2ED21 /* ConcomitantDisease.swift */ = {isa = PBXFileReference; lastKnownFileType = sourcecode.swift; path = ConcomitantDisease.swift; sourceTree = "<group>"; };
		1192964C2DB2E38900E2ED21 /* PulmonaryDiseasesEnum.swift */ = {isa = PBXFileReference; lastKnownFileType = sourcecode.swift; path = PulmonaryDiseasesEnum.swift; sourceTree = "<group>"; };
		1192964E2DB2E77800E2ED21 /* EndocrineDiseases.swift */ = {isa = PBXFileReference; lastKnownFileType = sourcecode.swift; path = EndocrineDiseases.swift; sourceTree = "<group>"; };
		119296502DB2E81B00E2ED21 /* Diabetes.swift */ = {isa = PBXFileReference; lastKnownFileType = sourcecode.swift; path = Diabetes.swift; sourceTree = "<group>"; };
		11C13E1E2D527E57007040E3 /* MedConnect.app */ = {isa = PBXFileReference; explicitFileType = wrapper.application; includeInIndex = 0; path = MedConnect.app; sourceTree = BUILT_PRODUCTS_DIR; };
		11C13E212D527E57007040E3 /* MedConnectApp.swift */ = {isa = PBXFileReference; lastKnownFileType = sourcecode.swift; path = MedConnectApp.swift; sourceTree = "<group>"; };
		11C13E232D527E57007040E3 /* ContentView.swift */ = {isa = PBXFileReference; lastKnownFileType = sourcecode.swift; path = ContentView.swift; sourceTree = "<group>"; };
		11C13E252D527E59007040E3 /* Assets.xcassets */ = {isa = PBXFileReference; lastKnownFileType = folder.assetcatalog; path = Assets.xcassets; sourceTree = "<group>"; };
		11C13E282D527E59007040E3 /* Preview Assets.xcassets */ = {isa = PBXFileReference; lastKnownFileType = folder.assetcatalog; path = "Preview Assets.xcassets"; sourceTree = "<group>"; };
		11C13E322D527EAC007040E3 /* LoginView.swift */ = {isa = PBXFileReference; lastKnownFileType = sourcecode.swift; path = LoginView.swift; sourceTree = "<group>"; };
		11C13E342D5280E7007040E3 /* LoginViewModel.swift */ = {isa = PBXFileReference; lastKnownFileType = sourcecode.swift; path = LoginViewModel.swift; sourceTree = "<group>"; };
		11C13E362D5282A7007040E3 /* HomeView.swift */ = {isa = PBXFileReference; lastKnownFileType = sourcecode.swift; path = HomeView.swift; sourceTree = "<group>"; };
		11C13E382D52836B007040E3 /* HomeViewModel.swift */ = {isa = PBXFileReference; lastKnownFileType = sourcecode.swift; path = HomeViewModel.swift; sourceTree = "<group>"; };
		11C13E3A2D528433007040E3 /* Patient.swift */ = {isa = PBXFileReference; lastKnownFileType = sourcecode.swift; path = Patient.swift; sourceTree = "<group>"; };
		11C13E3C2D52868B007040E3 /* PatientScrollCardView.swift */ = {isa = PBXFileReference; lastKnownFileType = sourcecode.swift; path = PatientScrollCardView.swift; sourceTree = "<group>"; };
		11C13E3E2D528D8D007040E3 /* PatientCardView.swift */ = {isa = PBXFileReference; lastKnownFileType = sourcecode.swift; path = PatientCardView.swift; sourceTree = "<group>"; };
		11C13E402D529EE4007040E3 /* SideMenuView.swift */ = {isa = PBXFileReference; lastKnownFileType = sourcecode.swift; path = SideMenuView.swift; sourceTree = "<group>"; };
		11C13E422D52A93C007040E3 /* SideMenuHeaderView.swift */ = {isa = PBXFileReference; lastKnownFileType = sourcecode.swift; path = SideMenuHeaderView.swift; sourceTree = "<group>"; };
		857993432DAFD6A800AE07F3 /* PatienHeaderInfo.swift */ = {isa = PBXFileReference; lastKnownFileType = sourcecode.swift; path = PatienHeaderInfo.swift; sourceTree = "<group>"; };
		857993452DAFD6DD00AE07F3 /* PatientCaprini.swift */ = {isa = PBXFileReference; lastKnownFileType = sourcecode.swift; path = PatientCaprini.swift; sourceTree = "<group>"; };
		857993472DAFD6EC00AE07F3 /* PatientCharlson.swift */ = {isa = PBXFileReference; lastKnownFileType = sourcecode.swift; path = PatientCharlson.swift; sourceTree = "<group>"; };
		857993492DAFD70800AE07F3 /* PatientDisease.swift */ = {isa = PBXFileReference; lastKnownFileType = sourcecode.swift; path = PatientDisease.swift; sourceTree = "<group>"; };
		8579934B2DAFD71000AE07F3 /* PatientHW.swift */ = {isa = PBXFileReference; lastKnownFileType = sourcecode.swift; path = PatientHW.swift; sourceTree = "<group>"; };
		8579934D2DAFD71900AE07F3 /* PatientMetric.swift */ = {isa = PBXFileReference; lastKnownFileType = sourcecode.swift; path = PatientMetric.swift; sourceTree = "<group>"; };
		8579934F2DAFD72600AE07F3 /* PatientMetrics.swift */ = {isa = PBXFileReference; lastKnownFileType = sourcecode.swift; path = PatientMetrics.swift; sourceTree = "<group>"; };
		85E76EC62DB3E2B9004F37CA /* ru */ = {isa = PBXFileReference; lastKnownFileType = text.plist.stringsdict; name = ru; path = ru.lproj/Localizable.stringsdict; sourceTree = "<group>"; };
		85E76EC92DB3E7A0004F37CA /* Int+Extension.swift */ = {isa = PBXFileReference; lastKnownFileType = sourcecode.swift; path = "Int+Extension.swift"; sourceTree = "<group>"; };
		85E76ECB2DB3EB70004F37CA /* String+Extension.swift */ = {isa = PBXFileReference; lastKnownFileType = sourcecode.swift; path = "String+Extension.swift"; sourceTree = "<group>"; };
		85E76ECD2DB40838004F37CA /* Double+Extension.swift */ = {isa = PBXFileReference; lastKnownFileType = sourcecode.swift; path = "Double+Extension.swift"; sourceTree = "<group>"; };
		85E76ECF2DB40B5C004F37CA /* PatientMetrics2.swift */ = {isa = PBXFileReference; lastKnownFileType = sourcecode.swift; path = PatientMetrics2.swift; sourceTree = "<group>"; };
		85E76ED12DB43662004F37CA /* PatientCT.swift */ = {isa = PBXFileReference; lastKnownFileType = sourcecode.swift; path = PatientCT.swift; sourceTree = "<group>"; };
		85E76ED32DB4E5A8004F37CA /* PatientRT.swift */ = {isa = PBXFileReference; lastKnownFileType = sourcecode.swift; path = PatientRT.swift; sourceTree = "<group>"; };
		85E76ED52DB4E7EC004F37CA /* ConcomitantDiseaseView.swift */ = {isa = PBXFileReference; lastKnownFileType = sourcecode.swift; path = ConcomitantDiseaseView.swift; sourceTree = "<group>"; };
		85E76ED72DB4EAD2004F37CA /* LabeledValueRow.swift */ = {isa = PBXFileReference; lastKnownFileType = sourcecode.swift; path = LabeledValueRow.swift; sourceTree = "<group>"; };
		85E76EDB2DB54993004F37CA /* PatientDetailsCardTitle.swift */ = {isa = PBXFileReference; lastKnownFileType = sourcecode.swift; path = PatientDetailsCardTitle.swift; sourceTree = "<group>"; };
		85E76EDD2DB5761C004F37CA /* YesNo.swift */ = {isa = PBXFileReference; lastKnownFileType = sourcecode.swift; path = YesNo.swift; sourceTree = "<group>"; };
/* End PBXFileReference section */

/* Begin PBXFrameworksBuildPhase section */
		11C13E1B2D527E57007040E3 /* Frameworks */ = {
			isa = PBXFrameworksBuildPhase;
			buildActionMask = 2147483647;
			files = (
			);
			runOnlyForDeploymentPostprocessing = 0;
		};
/* End PBXFrameworksBuildPhase section */

/* Begin PBXGroup section */
		1192963A2DB2DBD000E2ED21 /* CardiacConditions */ = {
			isa = PBXGroup;
			children = (
				1192963B2DB2DBDD00E2ED21 /* IschemicHeartDisease.swift */,
				1192963D2DB2DC9E00E2ED21 /* Hypertension.swift */,
				1192963F2DB2DD0200E2ED21 /* ConductionDisorders.swift */,
				119296412DB2DDA100E2ED21 /* PeripheralAtherosclerosis.swift */,
				119296432DB2DDDF00E2ED21 /* AorticAneurysm.swift */,
				119296452DB2DE1900E2ED21 /* HeartFailure.swift */,
				119296472DB2DE5600E2ED21 /* ValveDefects.swift */,
			);
			path = CardiacConditions;
			sourceTree = "<group>";
		};
		119296522DB2E9AD00E2ED21 /* ConcomitantDisease */ = {
			isa = PBXGroup;
			children = (
				119296382DB286C500E2ED21 /*  CardiacConditions.swift */,
				119296492DB2E2B800E2ED21 /* ConcomitantDisease.swift */,
				1192963A2DB2DBD000E2ED21 /* CardiacConditions */,
				119296502DB2E81B00E2ED21 /* Diabetes.swift */,
				1192964E2DB2E77800E2ED21 /* EndocrineDiseases.swift */,
				1192964C2DB2E38900E2ED21 /* PulmonaryDiseasesEnum.swift */,
				85E76EDD2DB5761C004F37CA /* YesNo.swift */,
			);
			path = ConcomitantDisease;
			sourceTree = "<group>";
		};
		11C13E152D527E57007040E3 = {
			isa = PBXGroup;
			children = (
				85E76EC52DB3E2B9004F37CA /* Localizable.stringsdict */,
				119296302DB194D700E2ED21 /* Localizable.strings */,
				119296352DB1954800E2ED21 /* Localizable.strings */,
				11C13E202D527E57007040E3 /* MedConnect */,
				11C13E1F2D527E57007040E3 /* Products */,
			);
			sourceTree = "<group>";
		};
		11C13E1F2D527E57007040E3 /* Products */ = {
			isa = PBXGroup;
			children = (
				11C13E1E2D527E57007040E3 /* MedConnect.app */,
			);
			name = Products;
			sourceTree = "<group>";
		};
		11C13E202D527E57007040E3 /* MedConnect */ = {
			isa = PBXGroup;
			children = (
				85E76EC82DB3E789004F37CA /* Extensions */,
				857993422DAFD68500AE07F3 /* Components */,
				11C13E312D527E92007040E3 /* ViewModel */,
				11C13E302D527E8C007040E3 /* View */,
				11C13E2F2D527E7F007040E3 /* Model */,
				11C13E212D527E57007040E3 /* MedConnectApp.swift */,
				11C13E232D527E57007040E3 /* ContentView.swift */,
				11C13E252D527E59007040E3 /* Assets.xcassets */,
				11C13E272D527E59007040E3 /* Preview Content */,
			);
			path = MedConnect;
			sourceTree = "<group>";
		};
		11C13E272D527E59007040E3 /* Preview Content */ = {
			isa = PBXGroup;
			children = (
				11C13E282D527E59007040E3 /* Preview Assets.xcassets */,
			);
			path = "Preview Content";
			sourceTree = "<group>";
		};
		11C13E2F2D527E7F007040E3 /* Model */ = {
			isa = PBXGroup;
			children = (
				119296522DB2E9AD00E2ED21 /* ConcomitantDisease */,
				11C13E3A2D528433007040E3 /* Patient.swift */,
			);
			path = Model;
			sourceTree = "<group>";
		};
		11C13E302D527E8C007040E3 /* View */ = {
			isa = PBXGroup;
			children = (
				11C13E322D527EAC007040E3 /* LoginView.swift */,
				11C13E362D5282A7007040E3 /* HomeView.swift */,
				11C13E3C2D52868B007040E3 /* PatientScrollCardView.swift */,
				11C13E3E2D528D8D007040E3 /* PatientCardView.swift */,
				11C13E422D52A93C007040E3 /* SideMenuHeaderView.swift */,
				11C13E402D529EE4007040E3 /* SideMenuView.swift */,
			);
			path = View;
			sourceTree = "<group>";
		};
		11C13E312D527E92007040E3 /* ViewModel */ = {
			isa = PBXGroup;
			children = (
				11C13E342D5280E7007040E3 /* LoginViewModel.swift */,
				11C13E382D52836B007040E3 /* HomeViewModel.swift */,
			);
			path = ViewModel;
			sourceTree = "<group>";
		};
		857993422DAFD68500AE07F3 /* Components */ = {
			isa = PBXGroup;
			children = (
				857993432DAFD6A800AE07F3 /* PatienHeaderInfo.swift */,
				857993452DAFD6DD00AE07F3 /* PatientCaprini.swift */,
				857993472DAFD6EC00AE07F3 /* PatientCharlson.swift */,
				857993492DAFD70800AE07F3 /* PatientDisease.swift */,
				8579934B2DAFD71000AE07F3 /* PatientHW.swift */,
				8579934D2DAFD71900AE07F3 /* PatientMetric.swift */,
				8579934F2DAFD72600AE07F3 /* PatientMetrics.swift */,
				85E76ECF2DB40B5C004F37CA /* PatientMetrics2.swift */,
				85E76ED12DB43662004F37CA /* PatientCT.swift */,
				85E76ED32DB4E5A8004F37CA /* PatientRT.swift */,
				85E76ED52DB4E7EC004F37CA /* ConcomitantDiseaseView.swift */,
				85E76ED72DB4EAD2004F37CA /* LabeledValueRow.swift */,
				85E76EDB2DB54993004F37CA /* PatientDetailsCardTitle.swift */,
			);
			path = Components;
			sourceTree = "<group>";
		};
		85E76EC82DB3E789004F37CA /* Extensions */ = {
			isa = PBXGroup;
			children = (
				85E76EC92DB3E7A0004F37CA /* Int+Extension.swift */,
				85E76ECB2DB3EB70004F37CA /* String+Extension.swift */,
				85E76ECD2DB40838004F37CA /* Double+Extension.swift */,
			);
			path = Extensions;
			sourceTree = "<group>";
		};
/* End PBXGroup section */

/* Begin PBXNativeTarget section */
		11C13E1D2D527E57007040E3 /* MedConnect */ = {
			isa = PBXNativeTarget;
			buildConfigurationList = 11C13E2C2D527E59007040E3 /* Build configuration list for PBXNativeTarget "MedConnect" */;
			buildPhases = (
				11C13E1A2D527E57007040E3 /* Sources */,
				11C13E1B2D527E57007040E3 /* Frameworks */,
				11C13E1C2D527E57007040E3 /* Resources */,
			);
			buildRules = (
			);
			dependencies = (
			);
			name = MedConnect;
			productName = MedConnect;
			productReference = 11C13E1E2D527E57007040E3 /* MedConnect.app */;
			productType = "com.apple.product-type.application";
		};
/* End PBXNativeTarget section */

/* Begin PBXProject section */
		11C13E162D527E57007040E3 /* Project object */ = {
			isa = PBXProject;
			attributes = {
				BuildIndependentTargetsInParallel = 1;
				LastSwiftUpdateCheck = 1520;
				LastUpgradeCheck = 1520;
				TargetAttributes = {
					11C13E1D2D527E57007040E3 = {
						CreatedOnToolsVersion = 15.2;
					};
				};
			};
			buildConfigurationList = 11C13E192D527E57007040E3 /* Build configuration list for PBXProject "MedConnect" */;
			compatibilityVersion = "Xcode 14.0";
			developmentRegion = ru;
			hasScannedForEncodings = 0;
			knownRegions = (
				en,
				Base,
				ru,
			);
			mainGroup = 11C13E152D527E57007040E3;
			productRefGroup = 11C13E1F2D527E57007040E3 /* Products */;
			projectDirPath = "";
			projectRoot = "";
			targets = (
				11C13E1D2D527E57007040E3 /* MedConnect */,
			);
		};
/* End PBXProject section */

/* Begin PBXResourcesBuildPhase section */
		11C13E1C2D527E57007040E3 /* Resources */ = {
			isa = PBXResourcesBuildPhase;
			buildActionMask = 2147483647;
			files = (
				11C13E292D527E59007040E3 /* Preview Assets.xcassets in Resources */,
				119296332DB1954800E2ED21 /* Localizable.strings in Resources */,
				1192962E2DB194D700E2ED21 /* Localizable.strings in Resources */,
				85E76EC72DB3E2B9004F37CA /* Localizable.stringsdict in Resources */,
				11C13E262D527E59007040E3 /* Assets.xcassets in Resources */,
			);
			runOnlyForDeploymentPostprocessing = 0;
		};
/* End PBXResourcesBuildPhase section */

/* Begin PBXSourcesBuildPhase section */
		11C13E1A2D527E57007040E3 /* Sources */ = {
			isa = PBXSourcesBuildPhase;
			buildActionMask = 2147483647;
			files = (
				1192964F2DB2E77800E2ED21 /* EndocrineDiseases.swift in Sources */,
				85E76ED22DB43662004F37CA /* PatientCT.swift in Sources */,
				1192963C2DB2DBDD00E2ED21 /* IschemicHeartDisease.swift in Sources */,
				119296422DB2DDA100E2ED21 /* PeripheralAtherosclerosis.swift in Sources */,
				1192964A2DB2E2B800E2ED21 /* ConcomitantDisease.swift in Sources */,
				11C13E352D5280E7007040E3 /* LoginViewModel.swift in Sources */,
				85E76ED62DB4E7EC004F37CA /* ConcomitantDiseaseView.swift in Sources */,
				85E76ECE2DB40838004F37CA /* Double+Extension.swift in Sources */,
				119296482DB2DE5600E2ED21 /* ValveDefects.swift in Sources */,
				857993482DAFD6EC00AE07F3 /* PatientCharlson.swift in Sources */,
				85E76ED42DB4E5A8004F37CA /* PatientRT.swift in Sources */,
				85E76EDE2DB5761C004F37CA /* YesNo.swift in Sources */,
				85E76ECA2DB3E7A0004F37CA /* Int+Extension.swift in Sources */,
				11C13E392D52836B007040E3 /* HomeViewModel.swift in Sources */,
				11C13E412D529EE4007040E3 /* SideMenuView.swift in Sources */,
				11C13E3D2D52868B007040E3 /* PatientScrollCardView.swift in Sources */,
				85E76EDC2DB54993004F37CA /* PatientDetailsCardTitle.swift in Sources */,
				11C13E332D527EAC007040E3 /* LoginView.swift in Sources */,
				8579934A2DAFD70800AE07F3 /* PatientDisease.swift in Sources */,
				11C13E432D52A93C007040E3 /* SideMenuHeaderView.swift in Sources */,
				11C13E242D527E57007040E3 /* ContentView.swift in Sources */,
				1192963E2DB2DC9E00E2ED21 /* Hypertension.swift in Sources */,
				85E76ECC2DB3EB70004F37CA /* String+Extension.swift in Sources */,
				857993462DAFD6DD00AE07F3 /* PatientCaprini.swift in Sources */,
				119296442DB2DDDF00E2ED21 /* AorticAneurysm.swift in Sources */,
				11C13E3F2D528D8D007040E3 /* PatientCardView.swift in Sources */,
				119296512DB2E81B00E2ED21 /* Diabetes.swift in Sources */,
				119296462DB2DE1900E2ED21 /* HeartFailure.swift in Sources */,
				857993502DAFD72600AE07F3 /* PatientMetrics.swift in Sources */,
				11C13E3B2D528433007040E3 /* Patient.swift in Sources */,
				8579934E2DAFD71900AE07F3 /* PatientMetric.swift in Sources */,
				85E76ED02DB40B5C004F37CA /* PatientMetrics2.swift in Sources */,
				1192964D2DB2E38900E2ED21 /* PulmonaryDiseasesEnum.swift in Sources */,
				119296392DB286C500E2ED21 /*  CardiacConditions.swift in Sources */,
				11C13E372D5282A7007040E3 /* HomeView.swift in Sources */,
				11C13E222D527E57007040E3 /* MedConnectApp.swift in Sources */,
				85E76ED82DB4EAD2004F37CA /* LabeledValueRow.swift in Sources */,
				119296402DB2DD0200E2ED21 /* ConductionDisorders.swift in Sources */,
				8579934C2DAFD71000AE07F3 /* PatientHW.swift in Sources */,
				857993442DAFD6A800AE07F3 /* PatienHeaderInfo.swift in Sources */,
			);
			runOnlyForDeploymentPostprocessing = 0;
		};
/* End PBXSourcesBuildPhase section */

/* Begin PBXVariantGroup section */
		119296302DB194D700E2ED21 /* Localizable.strings */ = {
			isa = PBXVariantGroup;
			children = (
				1192962F2DB194D700E2ED21 /* ru */,
			);
			name = Localizable.strings;
			sourceTree = "<group>";
		};
		119296352DB1954800E2ED21 /* Localizable.strings */ = {
			isa = PBXVariantGroup;
			children = (
				119296342DB1954800E2ED21 /* en */,
			);
			name = Localizable.strings;
			sourceTree = "<group>";
		};
		85E76EC52DB3E2B9004F37CA /* Localizable.stringsdict */ = {
			isa = PBXVariantGroup;
			children = (
				85E76EC62DB3E2B9004F37CA /* ru */,
			);
			name = Localizable.stringsdict;
			sourceTree = "<group>";
		};
/* End PBXVariantGroup section */

/* Begin XCBuildConfiguration section */
		11C13E2A2D527E59007040E3 /* Debug */ = {
			isa = XCBuildConfiguration;
			buildSettings = {
				ALWAYS_SEARCH_USER_PATHS = NO;
				ASSETCATALOG_COMPILER_GENERATE_SWIFT_ASSET_SYMBOL_EXTENSIONS = YES;
				CLANG_ANALYZER_NONNULL = YES;
				CLANG_ANALYZER_NUMBER_OBJECT_CONVERSION = YES_AGGRESSIVE;
				CLANG_CXX_LANGUAGE_STANDARD = "gnu++20";
				CLANG_ENABLE_MODULES = YES;
				CLANG_ENABLE_OBJC_ARC = YES;
				CLANG_ENABLE_OBJC_WEAK = YES;
				CLANG_WARN_BLOCK_CAPTURE_AUTORELEASING = YES;
				CLANG_WARN_BOOL_CONVERSION = YES;
				CLANG_WARN_COMMA = YES;
				CLANG_WARN_CONSTANT_CONVERSION = YES;
				CLANG_WARN_DEPRECATED_OBJC_IMPLEMENTATIONS = YES;
				CLANG_WARN_DIRECT_OBJC_ISA_USAGE = YES_ERROR;
				CLANG_WARN_DOCUMENTATION_COMMENTS = YES;
				CLANG_WARN_EMPTY_BODY = YES;
				CLANG_WARN_ENUM_CONVERSION = YES;
				CLANG_WARN_INFINITE_RECURSION = YES;
				CLANG_WARN_INT_CONVERSION = YES;
				CLANG_WARN_NON_LITERAL_NULL_CONVERSION = YES;
				CLANG_WARN_OBJC_IMPLICIT_RETAIN_SELF = YES;
				CLANG_WARN_OBJC_LITERAL_CONVERSION = YES;
				CLANG_WARN_OBJC_ROOT_CLASS = YES_ERROR;
				CLANG_WARN_QUOTED_INCLUDE_IN_FRAMEWORK_HEADER = YES;
				CLANG_WARN_RANGE_LOOP_ANALYSIS = YES;
				CLANG_WARN_STRICT_PROTOTYPES = YES;
				CLANG_WARN_SUSPICIOUS_MOVE = YES;
				CLANG_WARN_UNGUARDED_AVAILABILITY = YES_AGGRESSIVE;
				CLANG_WARN_UNREACHABLE_CODE = YES;
				CLANG_WARN__DUPLICATE_METHOD_MATCH = YES;
				COPY_PHASE_STRIP = NO;
				DEBUG_INFORMATION_FORMAT = dwarf;
				ENABLE_STRICT_OBJC_MSGSEND = YES;
				ENABLE_TESTABILITY = YES;
				ENABLE_USER_SCRIPT_SANDBOXING = YES;
				GCC_C_LANGUAGE_STANDARD = gnu17;
				GCC_DYNAMIC_NO_PIC = NO;
				GCC_NO_COMMON_BLOCKS = YES;
				GCC_OPTIMIZATION_LEVEL = 0;
				GCC_PREPROCESSOR_DEFINITIONS = (
					"DEBUG=1",
					"$(inherited)",
				);
				GCC_WARN_64_TO_32_BIT_CONVERSION = YES;
				GCC_WARN_ABOUT_RETURN_TYPE = YES_ERROR;
				GCC_WARN_UNDECLARED_SELECTOR = YES;
				GCC_WARN_UNINITIALIZED_AUTOS = YES_AGGRESSIVE;
				GCC_WARN_UNUSED_FUNCTION = YES;
				GCC_WARN_UNUSED_VARIABLE = YES;
				IPHONEOS_DEPLOYMENT_TARGET = 17.2;
				LOCALIZATION_PREFERS_STRING_CATALOGS = YES;
				MTL_ENABLE_DEBUG_INFO = INCLUDE_SOURCE;
				MTL_FAST_MATH = YES;
				ONLY_ACTIVE_ARCH = YES;
				SDKROOT = iphoneos;
				SWIFT_ACTIVE_COMPILATION_CONDITIONS = "DEBUG $(inherited)";
				SWIFT_OPTIMIZATION_LEVEL = "-Onone";
			};
			name = Debug;
		};
		11C13E2B2D527E59007040E3 /* Release */ = {
			isa = XCBuildConfiguration;
			buildSettings = {
				ALWAYS_SEARCH_USER_PATHS = NO;
				ASSETCATALOG_COMPILER_GENERATE_SWIFT_ASSET_SYMBOL_EXTENSIONS = YES;
				CLANG_ANALYZER_NONNULL = YES;
				CLANG_ANALYZER_NUMBER_OBJECT_CONVERSION = YES_AGGRESSIVE;
				CLANG_CXX_LANGUAGE_STANDARD = "gnu++20";
				CLANG_ENABLE_MODULES = YES;
				CLANG_ENABLE_OBJC_ARC = YES;
				CLANG_ENABLE_OBJC_WEAK = YES;
				CLANG_WARN_BLOCK_CAPTURE_AUTORELEASING = YES;
				CLANG_WARN_BOOL_CONVERSION = YES;
				CLANG_WARN_COMMA = YES;
				CLANG_WARN_CONSTANT_CONVERSION = YES;
				CLANG_WARN_DEPRECATED_OBJC_IMPLEMENTATIONS = YES;
				CLANG_WARN_DIRECT_OBJC_ISA_USAGE = YES_ERROR;
				CLANG_WARN_DOCUMENTATION_COMMENTS = YES;
				CLANG_WARN_EMPTY_BODY = YES;
				CLANG_WARN_ENUM_CONVERSION = YES;
				CLANG_WARN_INFINITE_RECURSION = YES;
				CLANG_WARN_INT_CONVERSION = YES;
				CLANG_WARN_NON_LITERAL_NULL_CONVERSION = YES;
				CLANG_WARN_OBJC_IMPLICIT_RETAIN_SELF = YES;
				CLANG_WARN_OBJC_LITERAL_CONVERSION = YES;
				CLANG_WARN_OBJC_ROOT_CLASS = YES_ERROR;
				CLANG_WARN_QUOTED_INCLUDE_IN_FRAMEWORK_HEADER = YES;
				CLANG_WARN_RANGE_LOOP_ANALYSIS = YES;
				CLANG_WARN_STRICT_PROTOTYPES = YES;
				CLANG_WARN_SUSPICIOUS_MOVE = YES;
				CLANG_WARN_UNGUARDED_AVAILABILITY = YES_AGGRESSIVE;
				CLANG_WARN_UNREACHABLE_CODE = YES;
				CLANG_WARN__DUPLICATE_METHOD_MATCH = YES;
				COPY_PHASE_STRIP = NO;
				DEBUG_INFORMATION_FORMAT = "dwarf-with-dsym";
				ENABLE_NS_ASSERTIONS = NO;
				ENABLE_STRICT_OBJC_MSGSEND = YES;
				ENABLE_USER_SCRIPT_SANDBOXING = YES;
				GCC_C_LANGUAGE_STANDARD = gnu17;
				GCC_NO_COMMON_BLOCKS = YES;
				GCC_WARN_64_TO_32_BIT_CONVERSION = YES;
				GCC_WARN_ABOUT_RETURN_TYPE = YES_ERROR;
				GCC_WARN_UNDECLARED_SELECTOR = YES;
				GCC_WARN_UNINITIALIZED_AUTOS = YES_AGGRESSIVE;
				GCC_WARN_UNUSED_FUNCTION = YES;
				GCC_WARN_UNUSED_VARIABLE = YES;
				IPHONEOS_DEPLOYMENT_TARGET = 17.2;
				LOCALIZATION_PREFERS_STRING_CATALOGS = YES;
				MTL_ENABLE_DEBUG_INFO = NO;
				MTL_FAST_MATH = YES;
				SDKROOT = iphoneos;
				SWIFT_COMPILATION_MODE = wholemodule;
				VALIDATE_PRODUCT = YES;
			};
			name = Release;
		};
		11C13E2D2D527E59007040E3 /* Debug */ = {
			isa = XCBuildConfiguration;
			buildSettings = {
				ASSETCATALOG_COMPILER_APPICON_NAME = AppIcon;
				ASSETCATALOG_COMPILER_GLOBAL_ACCENT_COLOR_NAME = AccentColor;
				CODE_SIGN_STYLE = Automatic;
				CURRENT_PROJECT_VERSION = 1;
				DEVELOPMENT_ASSET_PATHS = "\"MedConnect/Preview Content\"";
				DEVELOPMENT_TEAM = 5K8CHVUD24;
				ENABLE_PREVIEWS = YES;
				GENERATE_INFOPLIST_FILE = YES;
				INFOPLIST_KEY_UIApplicationSceneManifest_Generation = YES;
				INFOPLIST_KEY_UIApplicationSupportsIndirectInputEvents = YES;
				INFOPLIST_KEY_UILaunchScreen_Generation = YES;
				INFOPLIST_KEY_UISupportedInterfaceOrientations_iPad = "UIInterfaceOrientationPortrait UIInterfaceOrientationPortraitUpsideDown UIInterfaceOrientationLandscapeLeft UIInterfaceOrientationLandscapeRight";
				INFOPLIST_KEY_UISupportedInterfaceOrientations_iPhone = "UIInterfaceOrientationPortrait UIInterfaceOrientationLandscapeLeft UIInterfaceOrientationLandscapeRight";
				IPHONEOS_DEPLOYMENT_TARGET = 16.0;
				LD_RUNPATH_SEARCH_PATHS = (
					"$(inherited)",
					"@executable_path/Frameworks",
				);
				MARKETING_VERSION = 1.0;
				PRODUCT_BUNDLE_IDENTIFIER = realINL.MedConnect;
				PRODUCT_NAME = "$(TARGET_NAME)";
				SWIFT_EMIT_LOC_STRINGS = YES;
				SWIFT_VERSION = 5.0;
				TARGETED_DEVICE_FAMILY = "1,2";
			};
			name = Debug;
		};
		11C13E2E2D527E59007040E3 /* Release */ = {
			isa = XCBuildConfiguration;
			buildSettings = {
				ASSETCATALOG_COMPILER_APPICON_NAME = AppIcon;
				ASSETCATALOG_COMPILER_GLOBAL_ACCENT_COLOR_NAME = AccentColor;
				CODE_SIGN_STYLE = Automatic;
				CURRENT_PROJECT_VERSION = 1;
				DEVELOPMENT_ASSET_PATHS = "\"MedConnect/Preview Content\"";
				DEVELOPMENT_TEAM = 5K8CHVUD24;
				ENABLE_PREVIEWS = YES;
				GENERATE_INFOPLIST_FILE = YES;
				INFOPLIST_KEY_UIApplicationSceneManifest_Generation = YES;
				INFOPLIST_KEY_UIApplicationSupportsIndirectInputEvents = YES;
				INFOPLIST_KEY_UILaunchScreen_Generation = YES;
				INFOPLIST_KEY_UISupportedInterfaceOrientations_iPad = "UIInterfaceOrientationPortrait UIInterfaceOrientationPortraitUpsideDown UIInterfaceOrientationLandscapeLeft UIInterfaceOrientationLandscapeRight";
				INFOPLIST_KEY_UISupportedInterfaceOrientations_iPhone = "UIInterfaceOrientationPortrait UIInterfaceOrientationLandscapeLeft UIInterfaceOrientationLandscapeRight";
				IPHONEOS_DEPLOYMENT_TARGET = 16.0;
				LD_RUNPATH_SEARCH_PATHS = (
					"$(inherited)",
					"@executable_path/Frameworks",
				);
				MARKETING_VERSION = 1.0;
				PRODUCT_BUNDLE_IDENTIFIER = realINL.MedConnect;
				PRODUCT_NAME = "$(TARGET_NAME)";
				SWIFT_EMIT_LOC_STRINGS = YES;
				SWIFT_VERSION = 5.0;
				TARGETED_DEVICE_FAMILY = "1,2";
			};
			name = Release;
		};
/* End XCBuildConfiguration section */

/* Begin XCConfigurationList section */
		11C13E192D527E57007040E3 /* Build configuration list for PBXProject "MedConnect" */ = {
			isa = XCConfigurationList;
			buildConfigurations = (
				11C13E2A2D527E59007040E3 /* Debug */,
				11C13E2B2D527E59007040E3 /* Release */,
			);
			defaultConfigurationIsVisible = 0;
			defaultConfigurationName = Release;
		};
		11C13E2C2D527E59007040E3 /* Build configuration list for PBXNativeTarget "MedConnect" */ = {
			isa = XCConfigurationList;
			buildConfigurations = (
				11C13E2D2D527E59007040E3 /* Debug */,
				11C13E2E2D527E59007040E3 /* Release */,
			);
			defaultConfigurationIsVisible = 0;
			defaultConfigurationName = Release;
		};
/* End XCConfigurationList section */
	};
	rootObject = 11C13E162D527E57007040E3 /* Project object */;
}
